
Microsoft Visual Studio Solution File, Format Version 12.00
# Visual Studio Version 16
VisualStudioVersion = 16.0.30114.105
MinimumVisualStudioVersion = 10.0.40219.1
Project("{FAE04EC0-301F-11D3-BF4B-00C04F79EFBC}") = "TestCL", "Disemvoweling\TestCL.csproj", "{C53145D7-093E-4342-A696-5B652D5721F9}"
EndProject
Project("{FAE04EC0-301F-11D3-BF4B-00C04F79EFBC}") = "Puzzles", "Disemvoweling_\Puzzles.csproj", "{5618D509-EEA2-4D46-BC92-312CE60D6A31}"
EndProject
Project("{FAE04EC0-301F-11D3-BF4B-00C04F79EFBC}") = "PuzzlesTests", "DisemvowelingTests\PuzzlesTests.csproj", "{8FF384FB-BDE7-4CB1-9E06-ED2F769123EF}"
EndProject
Global
	GlobalSection(SolutionConfigurationPlatforms) = preSolution
		Debug|Any CPU = Debug|Any CPU
		Release|Any CPU = Release|Any CPU
	EndGlobalSection
	GlobalSection(ProjectConfigurationPlatforms) = postSolution
		{C53145D7-093E-4342-A696-5B652D5721F9}.Debug|Any CPU.ActiveCfg = Debug|Any CPU
		{C53145D7-093E-4342-A696-5B652D5721F9}.Debug|Any CPU.Build.0 = Debug|Any CPU
		{C53145D7-093E-4342-A696-5B652D5721F9}.Release|Any CPU.ActiveCfg = Release|Any CPU
		{C53145D7-093E-4342-A696-5B652D5721F9}.Release|Any CPU.Build.0 = Release|Any CPU
		{5618D509-EEA2-4D46-BC92-312CE60D6A31}.Debug|Any CPU.ActiveCfg = Debug|Any CPU
		{5618D509-EEA2-4D46-BC92-312CE60D6A31}.Debug|Any CPU.Build.0 = Debug|Any CPU
		{5618D509-EEA2-4D46-BC92-312CE60D6A31}.Release|Any CPU.ActiveCfg = Release|Any CPU
		{5618D509-EEA2-4D46-BC92-312CE60D6A31}.Release|Any CPU.Build.0 = Release|Any CPU
		{8FF384FB-BDE7-4CB1-9E06-ED2F769123EF}.Debug|Any CPU.ActiveCfg = Debug|Any CPU
		{8FF384FB-BDE7-4CB1-9E06-ED2F769123EF}.Debug|Any CPU.Build.0 = Debug|Any CPU
		{8FF384FB-BDE7-4CB1-9E06-ED2F769123EF}.Release|Any CPU.ActiveCfg = Release|Any CPU
		{8FF384FB-BDE7-4CB1-9E06-ED2F769123EF}.Release|Any CPU.Build.0 = Release|Any CPU
	EndGlobalSection
	GlobalSection(SolutionProperties) = preSolution
		HideSolutionNode = FALSE
	EndGlobalSection
	GlobalSection(ExtensibilityGlobals) = postSolution
		SolutionGuid = {5350A2C6-196A-45CC-9E9E-42A55F340CB0}
	EndGlobalSection
EndGlobal
